
Microsoft Visual Studio Solution File, Format Version 12.00
# Visual Studio Version 17
VisualStudioVersion = 17.3.32825.248
MinimumVisualStudioVersion = 10.0.40219.1
Project("{FAE04EC0-301F-11D3-BF4B-00C04F79EFBC}") = "SockItNet", "SockItNet\SockItNet.csproj", "{69780135-9ADB-4484-A01A-8293C7AC1A57}"
EndProject
Global
	GlobalSection(SolutionConfigurationPlatforms) = preSolution
		Debug|Any CPU = Debug|Any CPU
		Release|Any CPU = Release|Any CPU
	EndGlobalSection
	GlobalSection(ProjectConfigurationPlatforms) = postSolution
		{69780135-9ADB-4484-A01A-8293C7AC1A57}.Debug|Any CPU.ActiveCfg = Debug|Any CPU
		{69780135-9ADB-4484-A01A-8293C7AC1A57}.Debug|Any CPU.Build.0 = Debug|Any CPU
		{69780135-9ADB-4484-A01A-8293C7AC1A57}.Release|Any CPU.ActiveCfg = Release|Any CPU
		{69780135-9ADB-4484-A01A-8293C7AC1A57}.Release|Any CPU.Build.0 = Release|Any CPU
	EndGlobalSection
	GlobalSection(SolutionProperties) = preSolution
		HideSolutionNode = FALSE
	EndGlobalSection
	GlobalSection(ExtensibilityGlobals) = postSolution
		SolutionGuid = {C613FE0C-277E-4C4E-8D19-BCEB9AECAF00}
	EndGlobalSection
EndGlobal
